
Microsoft Visual Studio Solution File, Format Version 12.00
# Visual Studio Version 17
VisualStudioVersion = 17.7.34221.43
MinimumVisualStudioVersion = 10.0.40219.1
Project("{FAE04EC0-301F-11D3-BF4B-00C04F79EFBC}") = "L8_baseCycle", "L8_baseCycle\L8_baseCycle.csproj", "{B64823AB-7A15-412B-8598-F53F1079D379}"
EndProject
Global
	GlobalSection(SolutionConfigurationPlatforms) = preSolution
		Debug|Any CPU = Debug|Any CPU
		Release|Any CPU = Release|Any CPU
	EndGlobalSection
	GlobalSection(ProjectConfigurationPlatforms) = postSolution
		{B64823AB-7A15-412B-8598-F53F1079D379}.Debug|Any CPU.ActiveCfg = Debug|Any CPU
		{B64823AB-7A15-412B-8598-F53F1079D379}.Debug|Any CPU.Build.0 = Debug|Any CPU
		{B64823AB-7A15-412B-8598-F53F1079D379}.Release|Any CPU.ActiveCfg = Release|Any CPU
		{B64823AB-7A15-412B-8598-F53F1079D379}.Release|Any CPU.Build.0 = Release|Any CPU
	EndGlobalSection
	GlobalSection(SolutionProperties) = preSolution
		HideSolutionNode = FALSE
	EndGlobalSection
	GlobalSection(ExtensibilityGlobals) = postSolution
		SolutionGuid = {0518ED74-DD1A-4BB6-9962-E1581725397D}
	EndGlobalSection
EndGlobal
